// !$*UTF8*$!
{
	archiveVersion = 1;
	classes = {
	};
	objectVersion = 56;
	objects = {

/* Begin PBXBuildFile section */
		5F215A832D0D487600A729D7 /* AppDelegate.swift in Sources */ = {isa = PBXBuildFile; fileRef = 5F215A822D0D487600A729D7 /* AppDelegate.swift */; };
		5F215A852D0D487600A729D7 /* SceneDelegate.swift in Sources */ = {isa = PBXBuildFile; fileRef = 5F215A842D0D487600A729D7 /* SceneDelegate.swift */; };
		5F215A872D0D487600A729D7 /* ViewController.swift in Sources */ = {isa = PBXBuildFile; fileRef = 5F215A862D0D487600A729D7 /* ViewController.swift */; };
		5F215A8A2D0D487600A729D7 /* Base in Resources */ = {isa = PBXBuildFile; fileRef = 5F215A892D0D487600A729D7 /* Base */; };
		5F215A8C2D0D487800A729D7 /* Assets.xcassets in Resources */ = {isa = PBXBuildFile; fileRef = 5F215A8B2D0D487800A729D7 /* Assets.xcassets */; };
		5F215A8F2D0D487800A729D7 /* Base in Resources */ = {isa = PBXBuildFile; fileRef = 5F215A8E2D0D487800A729D7 /* Base */; };
		5F215A9A2D0D487900A729D7 /* SingletonDemoAppTests.swift in Sources */ = {isa = PBXBuildFile; fileRef = 5F215A992D0D487900A729D7 /* SingletonDemoAppTests.swift */; };
		5F215AA42D0D487900A729D7 /* SingletonDemoAppUITests.swift in Sources */ = {isa = PBXBuildFile; fileRef = 5F215AA32D0D487900A729D7 /* SingletonDemoAppUITests.swift */; };
		5F215AA62D0D487900A729D7 /* SingletonDemoAppUITestsLaunchTests.swift in Sources */ = {isa = PBXBuildFile; fileRef = 5F215AA52D0D487900A729D7 /* SingletonDemoAppUITestsLaunchTests.swift */; };
		5F215AB52D0D530300A729D7 /* Singleton.swift in Sources */ = {isa = PBXBuildFile; fileRef = 5F215AB42D0D530300A729D7 /* Singleton.swift */; };
/* End PBXBuildFile section */

/* Begin PBXContainerItemProxy section */
		5F215A962D0D487900A729D7 /* PBXContainerItemProxy */ = {
			isa = PBXContainerItemProxy;
			containerPortal = 5F215A772D0D487600A729D7 /* Project object */;
			proxyType = 1;
			remoteGlobalIDString = 5F215A7E2D0D487600A729D7;
			remoteInfo = SingletonDemoApp;
		};
		5F215AA02D0D487900A729D7 /* PBXContainerItemProxy */ = {
			isa = PBXContainerItemProxy;
			containerPortal = 5F215A772D0D487600A729D7 /* Project object */;
			proxyType = 1;
			remoteGlobalIDString = 5F215A7E2D0D487600A729D7;
			remoteInfo = SingletonDemoApp;
		};
/* End PBXContainerItemProxy section */

/* Begin PBXFileReference section */
		5F215A7F2D0D487600A729D7 /* SingletonDemoApp.app */ = {isa = PBXFileReference; explicitFileType = wrapper.application; includeInIndex = 0; path = SingletonDemoApp.app; sourceTree = BUILT_PRODUCTS_DIR; };
		5F215A822D0D487600A729D7 /* AppDelegate.swift */ = {isa = PBXFileReference; lastKnownFileType = sourcecode.swift; path = AppDelegate.swift; sourceTree = "<group>"; };
		5F215A842D0D487600A729D7 /* SceneDelegate.swift */ = {isa = PBXFileReference; lastKnownFileType = sourcecode.swift; path = SceneDelegate.swift; sourceTree = "<group>"; };
		5F215A862D0D487600A729D7 /* ViewController.swift */ = {isa = PBXFileReference; lastKnownFileType = sourcecode.swift; path = ViewController.swift; sourceTree = "<group>"; };
		5F215A892D0D487600A729D7 /* Base */ = {isa = PBXFileReference; lastKnownFileType = file.storyboard; name = Base; path = Base.lproj/Main.storyboard; sourceTree = "<group>"; };
		5F215A8B2D0D487800A729D7 /* Assets.xcassets */ = {isa = PBXFileReference; lastKnownFileType = folder.assetcatalog; path = Assets.xcassets; sourceTree = "<group>"; };
		5F215A8E2D0D487800A729D7 /* Base */ = {isa = PBXFileReference; lastKnownFileType = file.storyboard; name = Base; path = Base.lproj/LaunchScreen.storyboard; sourceTree = "<group>"; };
		5F215A902D0D487800A729D7 /* Info.plist */ = {isa = PBXFileReference; lastKnownFileType = text.plist.xml; path = Info.plist; sourceTree = "<group>"; };
		5F215A952D0D487900A729D7 /* SingletonDemoAppTests.xctest */ = {isa = PBXFileReference; explicitFileType = wrapper.cfbundle; includeInIndex = 0; path = SingletonDemoAppTests.xctest; sourceTree = BUILT_PRODUCTS_DIR; };
		5F215A992D0D487900A729D7 /* SingletonDemoAppTests.swift */ = {isa = PBXFileReference; lastKnownFileType = sourcecode.swift; path = SingletonDemoAppTests.swift; sourceTree = "<group>"; };
		5F215A9F2D0D487900A729D7 /* SingletonDemoAppUITests.xctest */ = {isa = PBXFileReference; explicitFileType = wrapper.cfbundle; includeInIndex = 0; path = SingletonDemoAppUITests.xctest; sourceTree = BUILT_PRODUCTS_DIR; };
		5F215AA32D0D487900A729D7 /* SingletonDemoAppUITests.swift */ = {isa = PBXFileReference; lastKnownFileType = sourcecode.swift; path = SingletonDemoAppUITests.swift; sourceTree = "<group>"; };
		5F215AA52D0D487900A729D7 /* SingletonDemoAppUITestsLaunchTests.swift */ = {isa = PBXFileReference; lastKnownFileType = sourcecode.swift; path = SingletonDemoAppUITestsLaunchTests.swift; sourceTree = "<group>"; };
		5F215AB42D0D530300A729D7 /* Singleton.swift */ = {isa = PBXFileReference; fileEncoding = 4; lastKnownFileType = sourcecode.swift; path = Singleton.swift; sourceTree = "<group>"; };
/* End PBXFileReference section */

/* Begin PBXFrameworksBuildPhase section */
		5F215A7C2D0D487600A729D7 /* Frameworks */ = {
			isa = PBXFrameworksBuildPhase;
			buildActionMask = 2147483647;
			files = (
			);
			runOnlyForDeploymentPostprocessing = 0;
		};
		5F215A922D0D487900A729D7 /* Frameworks */ = {
			isa = PBXFrameworksBuildPhase;
			buildActionMask = 2147483647;
			files = (
			);
			runOnlyForDeploymentPostprocessing = 0;
		};
		5F215A9C2D0D487900A729D7 /* Frameworks */ = {
			isa = PBXFrameworksBuildPhase;
			buildActionMask = 2147483647;
			files = (
			);
			runOnlyForDeploymentPostprocessing = 0;
		};
/* End PBXFrameworksBuildPhase section */

/* Begin PBXGroup section */
		5F215A762D0D487600A729D7 = {
			isa = PBXGroup;
			children = (
				5F215A812D0D487600A729D7 /* SingletonDemoApp */,
				5F215A982D0D487900A729D7 /* SingletonDemoAppTests */,
				5F215AA22D0D487900A729D7 /* SingletonDemoAppUITests */,
				5F215A802D0D487600A729D7 /* Products */,
			);
			sourceTree = "<group>";
		};
		5F215A802D0D487600A729D7 /* Products */ = {
			isa = PBXGroup;
			children = (
				5F215A7F2D0D487600A729D7 /* SingletonDemoApp.app */,
				5F215A952D0D487900A729D7 /* SingletonDemoAppTests.xctest */,
				5F215A9F2D0D487900A729D7 /* SingletonDemoAppUITests.xctest */,
			);
			name = Products;
			sourceTree = "<group>";
		};
		5F215A812D0D487600A729D7 /* SingletonDemoApp */ = {
			isa = PBXGroup;
			children = (
				5F215A822D0D487600A729D7 /* AppDelegate.swift */,
				5F215A842D0D487600A729D7 /* SceneDelegate.swift */,
				5F215AB42D0D530300A729D7 /* Singleton.swift */,
				5F215A862D0D487600A729D7 /* ViewController.swift */,
				5F215A882D0D487600A729D7 /* Main.storyboard */,
				5F215A8B2D0D487800A729D7 /* Assets.xcassets */,
				5F215A8D2D0D487800A729D7 /* LaunchScreen.storyboard */,
				5F215A902D0D487800A729D7 /* Info.plist */,
			);
			path = SingletonDemoApp;
			sourceTree = "<group>";
		};
		5F215A982D0D487900A729D7 /* SingletonDemoAppTests */ = {
			isa = PBXGroup;
			children = (
				5F215A992D0D487900A729D7 /* SingletonDemoAppTests.swift */,
			);
			path = SingletonDemoAppTests;
			sourceTree = "<group>";
		};
		5F215AA22D0D487900A729D7 /* SingletonDemoAppUITests */ = {
			isa = PBXGroup;
			children = (
				5F215AA32D0D487900A729D7 /* SingletonDemoAppUITests.swift */,
				5F215AA52D0D487900A729D7 /* SingletonDemoAppUITestsLaunchTests.swift */,
			);
			path = SingletonDemoAppUITests;
			sourceTree = "<group>";
		};
/* End PBXGroup section */

/* Begin PBXNativeTarget section */
		5F215A7E2D0D487600A729D7 /* SingletonDemoApp */ = {
			isa = PBXNativeTarget;
			buildConfigurationList = 5F215AA92D0D487900A729D7 /* Build configuration list for PBXNativeTarget "SingletonDemoApp" */;
			buildPhases = (
				5F215A7B2D0D487600A729D7 /* Sources */,
				5F215A7C2D0D487600A729D7 /* Frameworks */,
				5F215A7D2D0D487600A729D7 /* Resources */,
			);
			buildRules = (
			);
			dependencies = (
			);
			name = SingletonDemoApp;
			productName = SingletonDemoApp;
			productReference = 5F215A7F2D0D487600A729D7 /* SingletonDemoApp.app */;
			productType = "com.apple.product-type.application";
		};
		5F215A942D0D487900A729D7 /* SingletonDemoAppTests */ = {
			isa = PBXNativeTarget;
			buildConfigurationList = 5F215AAC2D0D487900A729D7 /* Build configuration list for PBXNativeTarget "SingletonDemoAppTests" */;
			buildPhases = (
				5F215A912D0D487900A729D7 /* Sources */,
				5F215A922D0D487900A729D7 /* Frameworks */,
				5F215A932D0D487900A729D7 /* Resources */,
			);
			buildRules = (
			);
			dependencies = (
				5F215A972D0D487900A729D7 /* PBXTargetDependency */,
			);
			name = SingletonDemoAppTests;
			productName = SingletonDemoAppTests;
			productReference = 5F215A952D0D487900A729D7 /* SingletonDemoAppTests.xctest */;
			productType = "com.apple.product-type.bundle.unit-test";
		};
		5F215A9E2D0D487900A729D7 /* SingletonDemoAppUITests */ = {
			isa = PBXNativeTarget;
			buildConfigurationList = 5F215AAF2D0D487900A729D7 /* Build configuration list for PBXNativeTarget "SingletonDemoAppUITests" */;
			buildPhases = (
				5F215A9B2D0D487900A729D7 /* Sources */,
				5F215A9C2D0D487900A729D7 /* Frameworks */,
				5F215A9D2D0D487900A729D7 /* Resources */,
			);
			buildRules = (
			);
			dependencies = (
				5F215AA12D0D487900A729D7 /* PBXTargetDependency */,
			);
			name = SingletonDemoAppUITests;
			productName = SingletonDemoAppUITests;
			productReference = 5F215A9F2D0D487900A729D7 /* SingletonDemoAppUITests.xctest */;
			productType = "com.apple.product-type.bundle.ui-testing";
		};
/* End PBXNativeTarget section */

/* Begin PBXProject section */
		5F215A772D0D487600A729D7 /* Project object */ = {
			isa = PBXProject;
			attributes = {
				BuildIndependentTargetsInParallel = 1;
				LastSwiftUpdateCheck = 1540;
				LastUpgradeCheck = 1540;
				TargetAttributes = {
					5F215A7E2D0D487600A729D7 = {
						CreatedOnToolsVersion = 15.4;
					};
					5F215A942D0D487900A729D7 = {
						CreatedOnToolsVersion = 15.4;
						TestTargetID = 5F215A7E2D0D487600A729D7;
					};
					5F215A9E2D0D487900A729D7 = {
						CreatedOnToolsVersion = 15.4;
						TestTargetID = 5F215A7E2D0D487600A729D7;
					};
				};
			};
			buildConfigurationList = 5F215A7A2D0D487600A729D7 /* Build configuration list for PBXProject "SingletonDemoApp" */;
			compatibilityVersion = "Xcode 14.0";
			developmentRegion = en;
			hasScannedForEncodings = 0;
			knownRegions = (
				en,
				Base,
			);
			mainGroup = 5F215A762D0D487600A729D7;
			productRefGroup = 5F215A802D0D487600A729D7 /* Products */;
			projectDirPath = "";
			projectRoot = "";
			targets = (
				5F215A7E2D0D487600A729D7 /* SingletonDemoApp */,
				5F215A942D0D487900A729D7 /* SingletonDemoAppTests */,
				5F215A9E2D0D487900A729D7 /* SingletonDemoAppUITests */,
			);
		};
/* End PBXProject section */

/* Begin PBXResourcesBuildPhase section */
		5F215A7D2D0D487600A729D7 /* Resources */ = {
			isa = PBXResourcesBuildPhase;
			buildActionMask = 2147483647;
			files = (
				5F215A8C2D0D487800A729D7 /* Assets.xcassets in Resources */,
				5F215A8F2D0D487800A729D7 /* Base in Resources */,
				5F215A8A2D0D487600A729D7 /* Base in Resources */,
			);
			runOnlyForDeploymentPostprocessing = 0;
		};
		5F215A932D0D487900A729D7 /* Resources */ = {
			isa = PBXResourcesBuildPhase;
			buildActionMask = 2147483647;
			files = (
			);
			runOnlyForDeploymentPostprocessing = 0;
		};
		5F215A9D2D0D487900A729D7 /* Resources */ = {
			isa = PBXResourcesBuildPhase;
			buildActionMask = 2147483647;
			files = (
			);
			runOnlyForDeploymentPostprocessing = 0;
		};
/* End PBXResourcesBuildPhase section */

/* Begin PBXSourcesBuildPhase section */
		5F215A7B2D0D487600A729D7 /* Sources */ = {
			isa = PBXSourcesBuildPhase;
			buildActionMask = 2147483647;
			files = (
				5F215A872D0D487600A729D7 /* ViewController.swift in Sources */,
				5F215AB52D0D530300A729D7 /* Singleton.swift in Sources */,
				5F215A832D0D487600A729D7 /* AppDelegate.swift in Sources */,
				5F215A852D0D487600A729D7 /* SceneDelegate.swift in Sources */,
			);
			runOnlyForDeploymentPostprocessing = 0;
		};
		5F215A912D0D487900A729D7 /* Sources */ = {
			isa = PBXSourcesBuildPhase;
			buildActionMask = 2147483647;
			files = (
				5F215A9A2D0D487900A729D7 /* SingletonDemoAppTests.swift in Sources */,
			);
			runOnlyForDeploymentPostprocessing = 0;
		};
		5F215A9B2D0D487900A729D7 /* Sources */ = {
			isa = PBXSourcesBuildPhase;
			buildActionMask = 2147483647;
			files = (
				5F215AA42D0D487900A729D7 /* SingletonDemoAppUITests.swift in Sources */,
				5F215AA62D0D487900A729D7 /* SingletonDemoAppUITestsLaunchTests.swift in Sources */,
			);
			runOnlyForDeploymentPostprocessing = 0;
		};
/* End PBXSourcesBuildPhase section */

/* Begin PBXTargetDependency section */
		5F215A972D0D487900A729D7 /* PBXTargetDependency */ = {
			isa = PBXTargetDependency;
			target = 5F215A7E2D0D487600A729D7 /* SingletonDemoApp */;
			targetProxy = 5F215A962D0D487900A729D7 /* PBXContainerItemProxy */;
		};
		5F215AA12D0D487900A729D7 /* PBXTargetDependency */ = {
			isa = PBXTargetDependency;
			target = 5F215A7E2D0D487600A729D7 /* SingletonDemoApp */;
			targetProxy = 5F215AA02D0D487900A729D7 /* PBXContainerItemProxy */;
		};
/* End PBXTargetDependency section */

/* Begin PBXVariantGroup section */
		5F215A882D0D487600A729D7 /* Main.storyboard */ = {
			isa = PBXVariantGroup;
			children = (
				5F215A892D0D487600A729D7 /* Base */,
			);
			name = Main.storyboard;
			sourceTree = "<group>";
		};
		5F215A8D2D0D487800A729D7 /* LaunchScreen.storyboard */ = {
			isa = PBXVariantGroup;
			children = (
				5F215A8E2D0D487800A729D7 /* Base */,
			);
			name = LaunchScreen.storyboard;
			sourceTree = "<group>";
		};
/* End PBXVariantGroup section */

/* Begin XCBuildConfiguration section */
		5F215AA72D0D487900A729D7 /* Debug */ = {
			isa = XCBuildConfiguration;
			buildSettings = {
				ALWAYS_SEARCH_USER_PATHS = NO;
				ASSETCATALOG_COMPILER_GENERATE_SWIFT_ASSET_SYMBOL_EXTENSIONS = YES;
				CLANG_ANALYZER_NONNULL = YES;
				CLANG_ANALYZER_NUMBER_OBJECT_CONVERSION = YES_AGGRESSIVE;
				CLANG_CXX_LANGUAGE_STANDARD = "gnu++20";
				CLANG_ENABLE_MODULES = YES;
				CLANG_ENABLE_OBJC_ARC = YES;
				CLANG_ENABLE_OBJC_WEAK = YES;
				CLANG_WARN_BLOCK_CAPTURE_AUTORELEASING = YES;
				CLANG_WARN_BOOL_CONVERSION = YES;
				CLANG_WARN_COMMA = YES;
				CLANG_WARN_CONSTANT_CONVERSION = YES;
				CLANG_WARN_DEPRECATED_OBJC_IMPLEMENTATIONS = YES;
				CLANG_WARN_DIRECT_OBJC_ISA_USAGE = YES_ERROR;
				CLANG_WARN_DOCUMENTATION_COMMENTS = YES;
				CLANG_WARN_EMPTY_BODY = YES;
				CLANG_WARN_ENUM_CONVERSION = YES;
				CLANG_WARN_INFINITE_RECURSION = YES;
				CLANG_WARN_INT_CONVERSION = YES;
				CLANG_WARN_NON_LITERAL_NULL_CONVERSION = YES;
				CLANG_WARN_OBJC_IMPLICIT_RETAIN_SELF = YES;
				CLANG_WARN_OBJC_LITERAL_CONVERSION = YES;
				CLANG_WARN_OBJC_ROOT_CLASS = YES_ERROR;
				CLANG_WARN_QUOTED_INCLUDE_IN_FRAMEWORK_HEADER = YES;
				CLANG_WARN_RANGE_LOOP_ANALYSIS = YES;
				CLANG_WARN_STRICT_PROTOTYPES = YES;
				CLANG_WARN_SUSPICIOUS_MOVE = YES;
				CLANG_WARN_UNGUARDED_AVAILABILITY = YES_AGGRESSIVE;
				CLANG_WARN_UNREACHABLE_CODE = YES;
				CLANG_WARN__DUPLICATE_METHOD_MATCH = YES;
				COPY_PHASE_STRIP = NO;
				DEBUG_INFORMATION_FORMAT = dwarf;
				ENABLE_STRICT_OBJC_MSGSEND = YES;
				ENABLE_TESTABILITY = YES;
				ENABLE_USER_SCRIPT_SANDBOXING = YES;
				GCC_C_LANGUAGE_STANDARD = gnu17;
				GCC_DYNAMIC_NO_PIC = NO;
				GCC_NO_COMMON_BLOCKS = YES;
				GCC_OPTIMIZATION_LEVEL = 0;
				GCC_PREPROCESSOR_DEFINITIONS = (
					"DEBUG=1",
					"$(inherited)",
				);
				GCC_WARN_64_TO_32_BIT_CONVERSION = YES;
				GCC_WARN_ABOUT_RETURN_TYPE = YES_ERROR;
				GCC_WARN_UNDECLARED_SELECTOR = YES;
				GCC_WARN_UNINITIALIZED_AUTOS = YES_AGGRESSIVE;
				GCC_WARN_UNUSED_FUNCTION = YES;
				GCC_WARN_UNUSED_VARIABLE = YES;
				IPHONEOS_DEPLOYMENT_TARGET = 17.5;
				LOCALIZATION_PREFERS_STRING_CATALOGS = YES;
				MTL_ENABLE_DEBUG_INFO = INCLUDE_SOURCE;
				MTL_FAST_MATH = YES;
				ONLY_ACTIVE_ARCH = YES;
				SDKROOT = iphoneos;
				SWIFT_ACTIVE_COMPILATION_CONDITIONS = "DEBUG $(inherited)";
				SWIFT_OPTIMIZATION_LEVEL = "-Onone";
			};
			name = Debug;
		};
		5F215AA82D0D487900A729D7 /* Release */ = {
			isa = XCBuildConfiguration;
			buildSettings = {
				ALWAYS_SEARCH_USER_PATHS = NO;
				ASSETCATALOG_COMPILER_GENERATE_SWIFT_ASSET_SYMBOL_EXTENSIONS = YES;
				CLANG_ANALYZER_NONNULL = YES;
				CLANG_ANALYZER_NUMBER_OBJECT_CONVERSION = YES_AGGRESSIVE;
				CLANG_CXX_LANGUAGE_STANDARD = "gnu++20";
				CLANG_ENABLE_MODULES = YES;
				CLANG_ENABLE_OBJC_ARC = YES;
				CLANG_ENABLE_OBJC_WEAK = YES;
				CLANG_WARN_BLOCK_CAPTURE_AUTORELEASING = YES;
				CLANG_WARN_BOOL_CONVERSION = YES;
				CLANG_WARN_COMMA = YES;
				CLANG_WARN_CONSTANT_CONVERSION = YES;
				CLANG_WARN_DEPRECATED_OBJC_IMPLEMENTATIONS = YES;
				CLANG_WARN_DIRECT_OBJC_ISA_USAGE = YES_ERROR;
				CLANG_WARN_DOCUMENTATION_COMMENTS = YES;
				CLANG_WARN_EMPTY_BODY = YES;
				CLANG_WARN_ENUM_CONVERSION = YES;
				CLANG_WARN_INFINITE_RECURSION = YES;
				CLANG_WARN_INT_CONVERSION = YES;
				CLANG_WARN_NON_LITERAL_NULL_CONVERSION = YES;
				CLANG_WARN_OBJC_IMPLICIT_RETAIN_SELF = YES;
				CLANG_WARN_OBJC_LITERAL_CONVERSION = YES;
				CLANG_WARN_OBJC_ROOT_CLASS = YES_ERROR;
				CLANG_WARN_QUOTED_INCLUDE_IN_FRAMEWORK_HEADER = YES;
				CLANG_WARN_RANGE_LOOP_ANALYSIS = YES;
				CLANG_WARN_STRICT_PROTOTYPES = YES;
				CLANG_WARN_SUSPICIOUS_MOVE = YES;
				CLANG_WARN_UNGUARDED_AVAILABILITY = YES_AGGRESSIVE;
				CLANG_WARN_UNREACHABLE_CODE = YES;
				CLANG_WARN__DUPLICATE_METHOD_MATCH = YES;
				COPY_PHASE_STRIP = NO;
				DEBUG_INFORMATION_FORMAT = "dwarf-with-dsym";
				ENABLE_NS_ASSERTIONS = NO;
				ENABLE_STRICT_OBJC_MSGSEND = YES;
				ENABLE_USER_SCRIPT_SANDBOXING = YES;
				GCC_C_LANGUAGE_STANDARD = gnu17;
				GCC_NO_COMMON_BLOCKS = YES;
				GCC_WARN_64_TO_32_BIT_CONVERSION = YES;
				GCC_WARN_ABOUT_RETURN_TYPE = YES_ERROR;
				GCC_WARN_UNDECLARED_SELECTOR = YES;
				GCC_WARN_UNINITIALIZED_AUTOS = YES_AGGRESSIVE;
				GCC_WARN_UNUSED_FUNCTION = YES;
				GCC_WARN_UNUSED_VARIABLE = YES;
				IPHONEOS_DEPLOYMENT_TARGET = 17.5;
				LOCALIZATION_PREFERS_STRING_CATALOGS = YES;
				MTL_ENABLE_DEBUG_INFO = NO;
				MTL_FAST_MATH = YES;
				SDKROOT = iphoneos;
				SWIFT_COMPILATION_MODE = wholemodule;
				VALIDATE_PRODUCT = YES;
			};
			name = Release;
		};
		5F215AAA2D0D487900A729D7 /* Debug */ = {
			isa = XCBuildConfiguration;
			buildSettings = {
				ASSETCATALOG_COMPILER_APPICON_NAME = AppIcon;
				ASSETCATALOG_COMPILER_GLOBAL_ACCENT_COLOR_NAME = AccentColor;
				CODE_SIGN_STYLE = Automatic;
				CURRENT_PROJECT_VERSION = 1;
				DEVELOPMENT_TEAM = C8X33J96A7;
				GENERATE_INFOPLIST_FILE = YES;
				INFOPLIST_FILE = SingletonDemoApp/Info.plist;
				INFOPLIST_KEY_UIApplicationSupportsIndirectInputEvents = YES;
				INFOPLIST_KEY_UILaunchStoryboardName = LaunchScreen;
				INFOPLIST_KEY_UIMainStoryboardFile = Main;
				INFOPLIST_KEY_UISupportedInterfaceOrientations_iPad = "UIInterfaceOrientationPortrait UIInterfaceOrientationPortraitUpsideDown UIInterfaceOrientationLandscapeLeft UIInterfaceOrientationLandscapeRight";
				INFOPLIST_KEY_UISupportedInterfaceOrientations_iPhone = "UIInterfaceOrientationPortrait UIInterfaceOrientationLandscapeLeft UIInterfaceOrientationLandscapeRight";
				LD_RUNPATH_SEARCH_PATHS = (
					"$(inherited)",
					"@executable_path/Frameworks",
				);
				MARKETING_VERSION = 1.0;
				PRODUCT_BUNDLE_IDENTIFIER = com.meharoof.SingletonDemoApp;
				PRODUCT_NAME = "$(TARGET_NAME)";
				SWIFT_EMIT_LOC_STRINGS = YES;
				SWIFT_VERSION = 5.0;
				TARGETED_DEVICE_FAMILY = "1,2";
			};
			name = Debug;
		};
		5F215AAB2D0D487900A729D7 /* Release */ = {
			isa = XCBuildConfiguration;
			buildSettings = {
				ASSETCATALOG_COMPILER_APPICON_NAME = AppIcon;
				ASSETCATALOG_COMPILER_GLOBAL_ACCENT_COLOR_NAME = AccentColor;
				CODE_SIGN_STYLE = Automatic;
				CURRENT_PROJECT_VERSION = 1;
				DEVELOPMENT_TEAM = C8X33J96A7;
				GENERATE_INFOPLIST_FILE = YES;
				INFOPLIST_FILE = SingletonDemoApp/Info.plist;
				INFOPLIST_KEY_UIApplicationSupportsIndirectInputEvents = YES;
				INFOPLIST_KEY_UILaunchStoryboardName = LaunchScreen;
				INFOPLIST_KEY_UIMainStoryboardFile = Main;
				INFOPLIST_KEY_UISupportedInterfaceOrientations_iPad = "UIInterfaceOrientationPortrait UIInterfaceOrientationPortraitUpsideDown UIInterfaceOrientationLandscapeLeft UIInterfaceOrientationLandscapeRight";
				INFOPLIST_KEY_UISupportedInterfaceOrientations_iPhone = "UIInterfaceOrientationPortrait UIInterfaceOrientationLandscapeLeft UIInterfaceOrientationLandscapeRight";
				LD_RUNPATH_SEARCH_PATHS = (
					"$(inherited)",
					"@executable_path/Frameworks",
				);
				MARKETING_VERSION = 1.0;
				PRODUCT_BUNDLE_IDENTIFIER = com.meharoof.SingletonDemoApp;
				PRODUCT_NAME = "$(TARGET_NAME)";
				SWIFT_EMIT_LOC_STRINGS = YES;
				SWIFT_VERSION = 5.0;
				TARGETED_DEVICE_FAMILY = "1,2";
			};
			name = Release;
		};
		5F215AAD2D0D487900A729D7 /* Debug */ = {
			isa = XCBuildConfiguration;
			buildSettings = {
				ALWAYS_EMBED_SWIFT_STANDARD_LIBRARIES = YES;
				BUNDLE_LOADER = "$(TEST_HOST)";
				CODE_SIGN_STYLE = Automatic;
				CURRENT_PROJECT_VERSION = 1;
				DEVELOPMENT_TEAM = C8X33J96A7;
				GENERATE_INFOPLIST_FILE = YES;
				IPHONEOS_DEPLOYMENT_TARGET = 17.5;
				MARKETING_VERSION = 1.0;
				PRODUCT_BUNDLE_IDENTIFIER = com.meharoof.SingletonDemoAppTests;
				PRODUCT_NAME = "$(TARGET_NAME)";
				SWIFT_EMIT_LOC_STRINGS = NO;
				SWIFT_VERSION = 5.0;
				TARGETED_DEVICE_FAMILY = "1,2";
				TEST_HOST = "$(BUILT_PRODUCTS_DIR)/SingletonDemoApp.app/$(BUNDLE_EXECUTABLE_FOLDER_PATH)/SingletonDemoApp";
			};
			name = Debug;
		};
		5F215AAE2D0D487900A729D7 /* Release */ = {
			isa = XCBuildConfiguration;
			buildSettings = {
				ALWAYS_EMBED_SWIFT_STANDARD_LIBRARIES = YES;
				BUNDLE_LOADER = "$(TEST_HOST)";
				CODE_SIGN_STYLE = Automatic;
				CURRENT_PROJECT_VERSION = 1;
				DEVELOPMENT_TEAM = C8X33J96A7;
				GENERATE_INFOPLIST_FILE = YES;
				IPHONEOS_DEPLOYMENT_TARGET = 17.5;
				MARKETING_VERSION = 1.0;
				PRODUCT_BUNDLE_IDENTIFIER = com.meharoof.SingletonDemoAppTests;
				PRODUCT_NAME = "$(TARGET_NAME)";
				SWIFT_EMIT_LOC_STRINGS = NO;
				SWIFT_VERSION = 5.0;
				TARGETED_DEVICE_FAMILY = "1,2";
				TEST_HOST = "$(BUILT_PRODUCTS_DIR)/SingletonDemoApp.app/$(BUNDLE_EXECUTABLE_FOLDER_PATH)/SingletonDemoApp";
			};
			name = Release;
		};
		5F215AB02D0D487900A729D7 /* Debug */ = {
			isa = XCBuildConfiguration;
			buildSettings = {
				ALWAYS_EMBED_SWIFT_STANDARD_LIBRARIES = YES;
				CODE_SIGN_STYLE = Automatic;
				CURRENT_PROJECT_VERSION = 1;
				DEVELOPMENT_TEAM = C8X33J96A7;
				GENERATE_INFOPLIST_FILE = YES;
				MARKETING_VERSION = 1.0;
				PRODUCT_BUNDLE_IDENTIFIER = com.meharoof.SingletonDemoAppUITests;
				PRODUCT_NAME = "$(TARGET_NAME)";
				SWIFT_EMIT_LOC_STRINGS = NO;
				SWIFT_VERSION = 5.0;
				TARGETED_DEVICE_FAMILY = "1,2";
				TEST_TARGET_NAME = SingletonDemoApp;
			};
			name = Debug;
		};
		5F215AB12D0D487900A729D7 /* Release */ = {
			isa = XCBuildConfiguration;
			buildSettings = {
				ALWAYS_EMBED_SWIFT_STANDARD_LIBRARIES = YES;
				CODE_SIGN_STYLE = Automatic;
				CURRENT_PROJECT_VERSION = 1;
				DEVELOPMENT_TEAM = C8X33J96A7;
				GENERATE_INFOPLIST_FILE = YES;
				MARKETING_VERSION = 1.0;
				PRODUCT_BUNDLE_IDENTIFIER = com.meharoof.SingletonDemoAppUITests;
				PRODUCT_NAME = "$(TARGET_NAME)";
				SWIFT_EMIT_LOC_STRINGS = NO;
				SWIFT_VERSION = 5.0;
				TARGETED_DEVICE_FAMILY = "1,2";
				TEST_TARGET_NAME = SingletonDemoApp;
			};
			name = Release;
		};
/* End XCBuildConfiguration section */

/* Begin XCConfigurationList section */
		5F215A7A2D0D487600A729D7 /* Build configuration list for PBXProject "SingletonDemoApp" */ = {
			isa = XCConfigurationList;
			buildConfigurations = (
				5F215AA72D0D487900A729D7 /* Debug */,
				5F215AA82D0D487900A729D7 /* Release */,
			);
			defaultConfigurationIsVisible = 0;
			defaultConfigurationName = Release;
		};
		5F215AA92D0D487900A729D7 /* Build configuration list for PBXNativeTarget "SingletonDemoApp" */ = {
			isa = XCConfigurationList;
			buildConfigurations = (
				5F215AAA2D0D487900A729D7 /* Debug */,
				5F215AAB2D0D487900A729D7 /* Release */,
			);
			defaultConfigurationIsVisible = 0;
			defaultConfigurationName = Release;
		};
		5F215AAC2D0D487900A729D7 /* Build configuration list for PBXNativeTarget "SingletonDemoAppTests" */ = {
			isa = XCConfigurationList;
			buildConfigurations = (
				5F215AAD2D0D487900A729D7 /* Debug */,
				5F215AAE2D0D487900A729D7 /* Release */,
			);
			defaultConfigurationIsVisible = 0;
			defaultConfigurationName = Release;
		};
		5F215AAF2D0D487900A729D7 /* Build configuration list for PBXNativeTarget "SingletonDemoAppUITests" */ = {
			isa = XCConfigurationList;
			buildConfigurations = (
				5F215AB02D0D487900A729D7 /* Debug */,
				5F215AB12D0D487900A729D7 /* Release */,
			);
			defaultConfigurationIsVisible = 0;
			defaultConfigurationName = Release;
		};
/* End XCConfigurationList section */
	};
	rootObject = 5F215A772D0D487600A729D7 /* Project object */;
}
